
Microsoft Visual Studio Solution File, Format Version 12.00
# Visual Studio Version 17
VisualStudioVersion = 17.1.32414.318
MinimumVisualStudioVersion = 10.0.40219.1
Project("{FAE04EC0-301F-11D3-BF4B-00C04F79EFBC}") = "WriteHelloWorld", "WriteHelloWorld\WriteHelloWorld.csproj", "{32513078-1652-4AFC-BD19-F9E20108353C}"
EndProject
Global
	GlobalSection(SolutionConfigurationPlatforms) = preSolution
		Debug|Any CPU = Debug|Any CPU
		Debug|x64 = Debug|x64
		Release|Any CPU = Release|Any CPU
		Release|x64 = Release|x64
	EndGlobalSection
	GlobalSection(ProjectConfigurationPlatforms) = postSolution
		{32513078-1652-4AFC-BD19-F9E20108353C}.Debug|Any CPU.ActiveCfg = Debug|Any CPU
		{32513078-1652-4AFC-BD19-F9E20108353C}.Debug|Any CPU.Build.0 = Debug|Any CPU
		{32513078-1652-4AFC-BD19-F9E20108353C}.Debug|x64.ActiveCfg = Debug|x64
		{32513078-1652-4AFC-BD19-F9E20108353C}.Debug|x64.Build.0 = Debug|x64
		{32513078-1652-4AFC-BD19-F9E20108353C}.Release|Any CPU.ActiveCfg = Release|Any CPU
		{32513078-1652-4AFC-BD19-F9E20108353C}.Release|Any CPU.Build.0 = Release|Any CPU
		{32513078-1652-4AFC-BD19-F9E20108353C}.Release|x64.ActiveCfg = Release|x64
		{32513078-1652-4AFC-BD19-F9E20108353C}.Release|x64.Build.0 = Release|x64
	EndGlobalSection
	GlobalSection(SolutionProperties) = preSolution
		HideSolutionNode = FALSE
	EndGlobalSection
	GlobalSection(ExtensibilityGlobals) = postSolution
		SolutionGuid = {C6FC44C8-C0BE-4F04-B35D-4F1F0089FB18}
	EndGlobalSection
EndGlobal
