
Microsoft Visual Studio Solution File, Format Version 12.00
# Visual Studio Version 17
VisualStudioVersion = 17.0.32112.339
MinimumVisualStudioVersion = 10.0.40219.1
Project("{FAE04EC0-301F-11D3-BF4B-00C04F79EFBC}") = "n0iseSectionProcInjector", "n0iseSectionProcInjector.csproj", "{C7DA710A-7098-4C14-A1E2-1F8BC1E60134}"
EndProject
Global
	GlobalSection(SolutionConfigurationPlatforms) = preSolution
		Debug|Any CPU = Debug|Any CPU
		Debug|x64 = Debug|x64
		Release|Any CPU = Release|Any CPU
		Release|x64 = Release|x64
	EndGlobalSection
	GlobalSection(ProjectConfigurationPlatforms) = postSolution
		{C7DA710A-7098-4C14-A1E2-1F8BC1E60134}.Debug|Any CPU.ActiveCfg = Debug|Any CPU
		{C7DA710A-7098-4C14-A1E2-1F8BC1E60134}.Debug|Any CPU.Build.0 = Debug|Any CPU
		{C7DA710A-7098-4C14-A1E2-1F8BC1E60134}.Debug|x64.ActiveCfg = Debug|x64
		{C7DA710A-7098-4C14-A1E2-1F8BC1E60134}.Debug|x64.Build.0 = Debug|x64
		{C7DA710A-7098-4C14-A1E2-1F8BC1E60134}.Release|Any CPU.ActiveCfg = Release|Any CPU
		{C7DA710A-7098-4C14-A1E2-1F8BC1E60134}.Release|Any CPU.Build.0 = Release|Any CPU
		{C7DA710A-7098-4C14-A1E2-1F8BC1E60134}.Release|x64.ActiveCfg = Release|x64
		{C7DA710A-7098-4C14-A1E2-1F8BC1E60134}.Release|x64.Build.0 = Release|x64
	EndGlobalSection
	GlobalSection(SolutionProperties) = preSolution
		HideSolutionNode = FALSE
	EndGlobalSection
	GlobalSection(ExtensibilityGlobals) = postSolution
		SolutionGuid = {72DF8714-69C5-4139-B84F-4819AA7E98F5}
	EndGlobalSection
EndGlobal
