
Microsoft Visual Studio Solution File, Format Version 12.00
# Visual Studio Version 17
VisualStudioVersion = 17.0.32112.339
MinimumVisualStudioVersion = 10.0.40219.1
Project("{FAE04EC0-301F-11D3-BF4B-00C04F79EFBC}") = "n0iseDLLInjector", "n0iseDLLInjector.csproj", "{70901E03-C958-4F3E-B843-B0C144C220E9}"
EndProject
Global
	GlobalSection(SolutionConfigurationPlatforms) = preSolution
		Debug|Any CPU = Debug|Any CPU
		Debug|x64 = Debug|x64
		Release|Any CPU = Release|Any CPU
		Release|x64 = Release|x64
	EndGlobalSection
	GlobalSection(ProjectConfigurationPlatforms) = postSolution
		{70901E03-C958-4F3E-B843-B0C144C220E9}.Debug|Any CPU.ActiveCfg = Debug|Any CPU
		{70901E03-C958-4F3E-B843-B0C144C220E9}.Debug|Any CPU.Build.0 = Debug|Any CPU
		{70901E03-C958-4F3E-B843-B0C144C220E9}.Debug|x64.ActiveCfg = Debug|x64
		{70901E03-C958-4F3E-B843-B0C144C220E9}.Debug|x64.Build.0 = Debug|x64
		{70901E03-C958-4F3E-B843-B0C144C220E9}.Release|Any CPU.ActiveCfg = Release|Any CPU
		{70901E03-C958-4F3E-B843-B0C144C220E9}.Release|Any CPU.Build.0 = Release|Any CPU
		{70901E03-C958-4F3E-B843-B0C144C220E9}.Release|x64.ActiveCfg = Release|x64
		{70901E03-C958-4F3E-B843-B0C144C220E9}.Release|x64.Build.0 = Release|x64
	EndGlobalSection
	GlobalSection(SolutionProperties) = preSolution
		HideSolutionNode = FALSE
	EndGlobalSection
	GlobalSection(ExtensibilityGlobals) = postSolution
		SolutionGuid = {E20892BA-7AE5-43F0-81A6-2DD08811EA97}
	EndGlobalSection
EndGlobal
