
Microsoft Visual Studio Solution File, Format Version 12.00
# Visual Studio Version 17
VisualStudioVersion = 17.0.32112.339
MinimumVisualStudioVersion = 10.0.40219.1
Project("{FAE04EC0-301F-11D3-BF4B-00C04F79EFBC}") = "n0iseCsharpRunner", "n0iseCsharpRunner.csproj", "{75D741BC-FC64-4B8E-8510-71569EFE90BC}"
EndProject
Global
	GlobalSection(SolutionConfigurationPlatforms) = preSolution
		Debug|Any CPU = Debug|Any CPU
		Release|Any CPU = Release|Any CPU
	EndGlobalSection
	GlobalSection(ProjectConfigurationPlatforms) = postSolution
		{75D741BC-FC64-4B8E-8510-71569EFE90BC}.Debug|Any CPU.ActiveCfg = Debug|Any CPU
		{75D741BC-FC64-4B8E-8510-71569EFE90BC}.Debug|Any CPU.Build.0 = Debug|Any CPU
		{75D741BC-FC64-4B8E-8510-71569EFE90BC}.Release|Any CPU.ActiveCfg = Release|Any CPU
		{75D741BC-FC64-4B8E-8510-71569EFE90BC}.Release|Any CPU.Build.0 = Release|Any CPU
	EndGlobalSection
	GlobalSection(SolutionProperties) = preSolution
		HideSolutionNode = FALSE
	EndGlobalSection
	GlobalSection(ExtensibilityGlobals) = postSolution
		SolutionGuid = {70BD8F34-2175-4F9C-923E-4D9635F83539}
	EndGlobalSection
EndGlobal
