
Microsoft Visual Studio Solution File, Format Version 12.00
# Visual Studio Version 17
VisualStudioVersion = 17.0.32112.339
MinimumVisualStudioVersion = 10.0.40219.1
Project("{FAE04EC0-301F-11D3-BF4B-00C04F79EFBC}") = "cSharp", "cSharp.csproj", "{B2F8CB8F-CCFB-405B-AE83-DC48CC6F035F}"
EndProject
Global
	GlobalSection(SolutionConfigurationPlatforms) = preSolution
		Debug|Any CPU = Debug|Any CPU
		Release|Any CPU = Release|Any CPU
	EndGlobalSection
	GlobalSection(ProjectConfigurationPlatforms) = postSolution
		{B2F8CB8F-CCFB-405B-AE83-DC48CC6F035F}.Debug|Any CPU.ActiveCfg = Debug|Any CPU
		{B2F8CB8F-CCFB-405B-AE83-DC48CC6F035F}.Debug|Any CPU.Build.0 = Debug|Any CPU
		{B2F8CB8F-CCFB-405B-AE83-DC48CC6F035F}.Release|Any CPU.ActiveCfg = Release|Any CPU
		{B2F8CB8F-CCFB-405B-AE83-DC48CC6F035F}.Release|Any CPU.Build.0 = Release|Any CPU
	EndGlobalSection
	GlobalSection(SolutionProperties) = preSolution
		HideSolutionNode = FALSE
	EndGlobalSection
	GlobalSection(ExtensibilityGlobals) = postSolution
		SolutionGuid = {6143C8C8-2E97-460F-978F-A53AA0142A8A}
	EndGlobalSection
EndGlobal
