
Microsoft Visual Studio Solution File, Format Version 12.00
# Visual Studio Version 17
VisualStudioVersion = 17.0.32112.339
MinimumVisualStudioVersion = 10.0.40219.1
Project("{FAE04EC0-301F-11D3-BF4B-00C04F79EFBC}") = "n0iseEncoderCaesar", "n0iseEncoderCaesar.csproj", "{F54389E1-C58F-4FDE-9447-4C1CBC5873A7}"
EndProject
Global
	GlobalSection(SolutionConfigurationPlatforms) = preSolution
		Debug|Any CPU = Debug|Any CPU
		Debug|x64 = Debug|x64
		Release|Any CPU = Release|Any CPU
		Release|x64 = Release|x64
	EndGlobalSection
	GlobalSection(ProjectConfigurationPlatforms) = postSolution
		{F54389E1-C58F-4FDE-9447-4C1CBC5873A7}.Debug|Any CPU.ActiveCfg = Debug|Any CPU
		{F54389E1-C58F-4FDE-9447-4C1CBC5873A7}.Debug|Any CPU.Build.0 = Debug|Any CPU
		{F54389E1-C58F-4FDE-9447-4C1CBC5873A7}.Debug|x64.ActiveCfg = Debug|x64
		{F54389E1-C58F-4FDE-9447-4C1CBC5873A7}.Debug|x64.Build.0 = Debug|x64
		{F54389E1-C58F-4FDE-9447-4C1CBC5873A7}.Release|Any CPU.ActiveCfg = Release|Any CPU
		{F54389E1-C58F-4FDE-9447-4C1CBC5873A7}.Release|Any CPU.Build.0 = Release|Any CPU
		{F54389E1-C58F-4FDE-9447-4C1CBC5873A7}.Release|x64.ActiveCfg = Release|x64
		{F54389E1-C58F-4FDE-9447-4C1CBC5873A7}.Release|x64.Build.0 = Release|x64
	EndGlobalSection
	GlobalSection(SolutionProperties) = preSolution
		HideSolutionNode = FALSE
	EndGlobalSection
	GlobalSection(ExtensibilityGlobals) = postSolution
		SolutionGuid = {02671D35-1619-4141-B324-79D6053F9704}
	EndGlobalSection
EndGlobal
