
Microsoft Visual Studio Solution File, Format Version 12.00
# Visual Studio Version 17
VisualStudioVersion = 17.0.32112.339
MinimumVisualStudioVersion = 10.0.40219.1
Project("{FAE04EC0-301F-11D3-BF4B-00C04F79EFBC}") = "PrintSpooferNetAsSystem", "PrintSpooferNetAsSystem.csproj", "{732F6A0D-22B6-480C-9D53-7B7F0F24D9C2}"
EndProject
Global
	GlobalSection(SolutionConfigurationPlatforms) = preSolution
		Debug|Any CPU = Debug|Any CPU
		Debug|x64 = Debug|x64
		Release|Any CPU = Release|Any CPU
		Release|x64 = Release|x64
	EndGlobalSection
	GlobalSection(ProjectConfigurationPlatforms) = postSolution
		{732F6A0D-22B6-480C-9D53-7B7F0F24D9C2}.Debug|Any CPU.ActiveCfg = Debug|Any CPU
		{732F6A0D-22B6-480C-9D53-7B7F0F24D9C2}.Debug|Any CPU.Build.0 = Debug|Any CPU
		{732F6A0D-22B6-480C-9D53-7B7F0F24D9C2}.Debug|x64.ActiveCfg = Debug|x64
		{732F6A0D-22B6-480C-9D53-7B7F0F24D9C2}.Debug|x64.Build.0 = Debug|x64
		{732F6A0D-22B6-480C-9D53-7B7F0F24D9C2}.Release|Any CPU.ActiveCfg = Release|Any CPU
		{732F6A0D-22B6-480C-9D53-7B7F0F24D9C2}.Release|Any CPU.Build.0 = Release|Any CPU
		{732F6A0D-22B6-480C-9D53-7B7F0F24D9C2}.Release|x64.ActiveCfg = Release|x64
		{732F6A0D-22B6-480C-9D53-7B7F0F24D9C2}.Release|x64.Build.0 = Release|x64
	EndGlobalSection
	GlobalSection(SolutionProperties) = preSolution
		HideSolutionNode = FALSE
	EndGlobalSection
	GlobalSection(ExtensibilityGlobals) = postSolution
		SolutionGuid = {A1E6526C-52D0-48BB-B49D-0D78CE2092B6}
	EndGlobalSection
EndGlobal
